
Microsoft Visual Studio Solution File, Format Version 12.00
# Visual Studio Version 17
VisualStudioVersion = 17.10.35027.167
MinimumVisualStudioVersion = 10.0.40219.1
Project("{FAE04EC0-301F-11D3-BF4B-00C04F79EFBC}") = "OdalysEscobar2024.PruebaTecnica.EN", "OdalysEscobar2024.PruebaTecnica\OdalysEscobar2024.PruebaTecnica.EN.csproj", "{2CCBAF62-22AC-4B16-B383-A80B43A8DD5F}"
EndProject
Project("{FAE04EC0-301F-11D3-BF4B-00C04F79EFBC}") = "OdalysEscobar2024.PruebaTecnica.DAL", "OdalysEscobar2024.PruebaTecnica.DAL\OdalysEscobar2024.PruebaTecnica.DAL.csproj", "{ED080367-82F3-4B4C-AFF7-C1D2623796B9}"
EndProject
Project("{FAE04EC0-301F-11D3-BF4B-00C04F79EFBC}") = "OdalysEscobar2024.PruebaTecnica.BL", "OdalysEscobar2024.PruebaTecnica.BL\OdalysEscobar2024.PruebaTecnica.BL.csproj", "{C727A100-B2E3-4319-9A92-7A96261F3AB8}"
EndProject
Project("{FAE04EC0-301F-11D3-BF4B-00C04F79EFBC}") = "OdalysEscobar2024.PruebaTecnica.UI", "OdalysEscobar2024.PruebaTecnica.UI\OdalysEscobar2024.PruebaTecnica.UI.csproj", "{D1277736-8593-47A0-A387-73B359BF97EB}"
EndProject
Global
	GlobalSection(SolutionConfigurationPlatforms) = preSolution
		Debug|Any CPU = Debug|Any CPU
		Release|Any CPU = Release|Any CPU
	EndGlobalSection
	GlobalSection(ProjectConfigurationPlatforms) = postSolution
		{2CCBAF62-22AC-4B16-B383-A80B43A8DD5F}.Debug|Any CPU.ActiveCfg = Debug|Any CPU
		{2CCBAF62-22AC-4B16-B383-A80B43A8DD5F}.Debug|Any CPU.Build.0 = Debug|Any CPU
		{2CCBAF62-22AC-4B16-B383-A80B43A8DD5F}.Release|Any CPU.ActiveCfg = Release|Any CPU
		{2CCBAF62-22AC-4B16-B383-A80B43A8DD5F}.Release|Any CPU.Build.0 = Release|Any CPU
		{ED080367-82F3-4B4C-AFF7-C1D2623796B9}.Debug|Any CPU.ActiveCfg = Debug|Any CPU
		{ED080367-82F3-4B4C-AFF7-C1D2623796B9}.Debug|Any CPU.Build.0 = Debug|Any CPU
		{ED080367-82F3-4B4C-AFF7-C1D2623796B9}.Release|Any CPU.ActiveCfg = Release|Any CPU
		{ED080367-82F3-4B4C-AFF7-C1D2623796B9}.Release|Any CPU.Build.0 = Release|Any CPU
		{C727A100-B2E3-4319-9A92-7A96261F3AB8}.Debug|Any CPU.ActiveCfg = Debug|Any CPU
		{C727A100-B2E3-4319-9A92-7A96261F3AB8}.Debug|Any CPU.Build.0 = Debug|Any CPU
		{C727A100-B2E3-4319-9A92-7A96261F3AB8}.Release|Any CPU.ActiveCfg = Release|Any CPU
		{C727A100-B2E3-4319-9A92-7A96261F3AB8}.Release|Any CPU.Build.0 = Release|Any CPU
		{D1277736-8593-47A0-A387-73B359BF97EB}.Debug|Any CPU.ActiveCfg = Debug|Any CPU
		{D1277736-8593-47A0-A387-73B359BF97EB}.Debug|Any CPU.Build.0 = Debug|Any CPU
		{D1277736-8593-47A0-A387-73B359BF97EB}.Release|Any CPU.ActiveCfg = Release|Any CPU
		{D1277736-8593-47A0-A387-73B359BF97EB}.Release|Any CPU.Build.0 = Release|Any CPU
	EndGlobalSection
	GlobalSection(SolutionProperties) = preSolution
		HideSolutionNode = FALSE
	EndGlobalSection
	GlobalSection(ExtensibilityGlobals) = postSolution
		SolutionGuid = {03664956-CD57-4AAE-B49F-1A12BB2966CB}
	EndGlobalSection
EndGlobal
